
Microsoft Visual Studio Solution File, Format Version 12.00
# Visual Studio Version 16
VisualStudioVersion = 16.0.30611.23
MinimumVisualStudioVersion = 10.0.40219.1
Project("{FAE04EC0-301F-11D3-BF4B-00C04F79EFBC}") = "CityGuide.Api", "CityGuide.Api\CityGuide.Api.csproj", "{CD03E72E-A49F-4D3A-B0C6-E20F9D4E3B48}"
EndProject
Global
	GlobalSection(SolutionConfigurationPlatforms) = preSolution
		Debug|Any CPU = Debug|Any CPU
		Release|Any CPU = Release|Any CPU
	EndGlobalSection
	GlobalSection(ProjectConfigurationPlatforms) = postSolution
		{CD03E72E-A49F-4D3A-B0C6-E20F9D4E3B48}.Debug|Any CPU.ActiveCfg = Debug|Any CPU
		{CD03E72E-A49F-4D3A-B0C6-E20F9D4E3B48}.Debug|Any CPU.Build.0 = Debug|Any CPU
		{CD03E72E-A49F-4D3A-B0C6-E20F9D4E3B48}.Release|Any CPU.ActiveCfg = Release|Any CPU
		{CD03E72E-A49F-4D3A-B0C6-E20F9D4E3B48}.Release|Any CPU.Build.0 = Release|Any CPU
	EndGlobalSection
	GlobalSection(SolutionProperties) = preSolution
		HideSolutionNode = FALSE
	EndGlobalSection
	GlobalSection(ExtensibilityGlobals) = postSolution
		SolutionGuid = {FE59B5FA-5ED7-4E59-8595-6F247CC07F91}
	EndGlobalSection
EndGlobal
